
Microsoft Visual Studio Solution File, Format Version 12.00
# Visual Studio Version 17
VisualStudioVersion = 17.9.34701.34
MinimumVisualStudioVersion = 10.0.40219.1
Project("{888888A0-9F3D-457C-B088-3A5042F75D52}") = "verified_transformers", "verified_transformers.pyproj", "{96A77344-FE98-4400-8758-F7BEED2BF843}"
EndProject
Global
	GlobalSection(SolutionConfigurationPlatforms) = preSolution
		Debug|Any CPU = Debug|Any CPU
		Release|Any CPU = Release|Any CPU
	EndGlobalSection
	GlobalSection(ProjectConfigurationPlatforms) = postSolution
		{96A77344-FE98-4400-8758-F7BEED2BF843}.Debug|Any CPU.ActiveCfg = Debug|Any CPU
		{96A77344-FE98-4400-8758-F7BEED2BF843}.Release|Any CPU.ActiveCfg = Release|Any CPU
	EndGlobalSection
	GlobalSection(SolutionProperties) = preSolution
		HideSolutionNode = FALSE
	EndGlobalSection
	GlobalSection(ExtensibilityGlobals) = postSolution
		SolutionGuid = {EEE59BD4-D173-4F10-A07B-D36EC776A4AD}
	EndGlobalSection
EndGlobal
